
Microsoft Visual Studio Solution File, Format Version 12.00
# Visual Studio Version 17
VisualStudioVersion = 17.0.32002.185
MinimumVisualStudioVersion = 10.0.40219.1
Project("{FAE04EC0-301F-11D3-BF4B-00C04F79EFBC}") = "vetores", "vetores\vetores.csproj", "{B446AE10-685B-4728-95D2-3365F9C25360}"
EndProject
Global
	GlobalSection(SolutionConfigurationPlatforms) = preSolution
		Debug|Any CPU = Debug|Any CPU
		Release|Any CPU = Release|Any CPU
	EndGlobalSection
	GlobalSection(ProjectConfigurationPlatforms) = postSolution
		{B446AE10-685B-4728-95D2-3365F9C25360}.Debug|Any CPU.ActiveCfg = Debug|Any CPU
		{B446AE10-685B-4728-95D2-3365F9C25360}.Debug|Any CPU.Build.0 = Debug|Any CPU
		{B446AE10-685B-4728-95D2-3365F9C25360}.Release|Any CPU.ActiveCfg = Release|Any CPU
		{B446AE10-685B-4728-95D2-3365F9C25360}.Release|Any CPU.Build.0 = Release|Any CPU
	EndGlobalSection
	GlobalSection(SolutionProperties) = preSolution
		HideSolutionNode = FALSE
	EndGlobalSection
	GlobalSection(ExtensibilityGlobals) = postSolution
		SolutionGuid = {7CFE0970-D15C-4E39-B65B-0E3ED8270A71}
	EndGlobalSection
EndGlobal
